
Microsoft Visual Studio Solution File, Format Version 12.00
# Visual Studio Version 17
VisualStudioVersion = 17.1.32319.34
MinimumVisualStudioVersion = 10.0.40219.1
Project("{FAE04EC0-301F-11D3-BF4B-00C04F79EFBC}") = "SeleniumCsharp2", "SeleniumCsharp2\SeleniumCsharp2.csproj", "{BC0A04AD-75A0-400E-832F-DD57C5B313C6}"
EndProject
Global
	GlobalSection(SolutionConfigurationPlatforms) = preSolution
		Debug|Any CPU = Debug|Any CPU
		Release|Any CPU = Release|Any CPU
	EndGlobalSection
	GlobalSection(ProjectConfigurationPlatforms) = postSolution
		{BC0A04AD-75A0-400E-832F-DD57C5B313C6}.Debug|Any CPU.ActiveCfg = Debug|Any CPU
		{BC0A04AD-75A0-400E-832F-DD57C5B313C6}.Debug|Any CPU.Build.0 = Debug|Any CPU
		{BC0A04AD-75A0-400E-832F-DD57C5B313C6}.Release|Any CPU.ActiveCfg = Release|Any CPU
		{BC0A04AD-75A0-400E-832F-DD57C5B313C6}.Release|Any CPU.Build.0 = Release|Any CPU
	EndGlobalSection
	GlobalSection(SolutionProperties) = preSolution
		HideSolutionNode = FALSE
	EndGlobalSection
	GlobalSection(ExtensibilityGlobals) = postSolution
		SolutionGuid = {56040D97-9D6A-44F8-AE9F-F68C995FB2C7}
	EndGlobalSection
EndGlobal
